
Microsoft Visual Studio Solution File, Format Version 12.00
# Visual Studio 15
VisualStudioVersion = 15.0.27703.1
MinimumVisualStudioVersion = 10.0.40219.1
Project("{FAE04EC0-301F-11D3-BF4B-00C04F79EFBC}") = "TodoApi", "TodoApi\TodoApi.csproj", "{03A2FC6E-738B-4C01-B119-7525E366B0DF}"
EndProject
Project("{2150E333-8FDC-42A3-9474-1A3956D46DE8}") = "Models", "Models", "{F4630856-C465-40C7-AA3B-BAEEA64C81D0}"
	ProjectSection(SolutionItems) = preProject
		TodoContext.cs = TodoContext.cs
		TodoItem.cs = TodoItem.cs
	EndProjectSection
EndProject
Global
	GlobalSection(SolutionConfigurationPlatforms) = preSolution
		Debug|Any CPU = Debug|Any CPU
		Release|Any CPU = Release|Any CPU
	EndGlobalSection
	GlobalSection(ProjectConfigurationPlatforms) = postSolution
		{03A2FC6E-738B-4C01-B119-7525E366B0DF}.Debug|Any CPU.ActiveCfg = Debug|Any CPU
		{03A2FC6E-738B-4C01-B119-7525E366B0DF}.Debug|Any CPU.Build.0 = Debug|Any CPU
		{03A2FC6E-738B-4C01-B119-7525E366B0DF}.Release|Any CPU.ActiveCfg = Release|Any CPU
		{03A2FC6E-738B-4C01-B119-7525E366B0DF}.Release|Any CPU.Build.0 = Release|Any CPU
	EndGlobalSection
	GlobalSection(SolutionProperties) = preSolution
		HideSolutionNode = FALSE
	EndGlobalSection
	GlobalSection(ExtensibilityGlobals) = postSolution
		SolutionGuid = {B7BB73DA-8B1F-454E-B4F0-08EB28F79031}
	EndGlobalSection
EndGlobal
